
Microsoft Visual Studio Solution File, Format Version 12.00
# Visual Studio Version 16
VisualStudioVersion = 16.0.30503.244
MinimumVisualStudioVersion = 10.0.40219.1
Project("{FAE04EC0-301F-11D3-BF4B-00C04F79EFBC}") = "Lab_13", "Lab_13\Lab_13.csproj", "{F8BA23FE-02C0-47EC-BE00-5BDD352F7A5D}"
EndProject
Global
	GlobalSection(SolutionConfigurationPlatforms) = preSolution
		Debug|Any CPU = Debug|Any CPU
		Release|Any CPU = Release|Any CPU
	EndGlobalSection
	GlobalSection(ProjectConfigurationPlatforms) = postSolution
		{F8BA23FE-02C0-47EC-BE00-5BDD352F7A5D}.Debug|Any CPU.ActiveCfg = Debug|Any CPU
		{F8BA23FE-02C0-47EC-BE00-5BDD352F7A5D}.Debug|Any CPU.Build.0 = Debug|Any CPU
		{F8BA23FE-02C0-47EC-BE00-5BDD352F7A5D}.Release|Any CPU.ActiveCfg = Release|Any CPU
		{F8BA23FE-02C0-47EC-BE00-5BDD352F7A5D}.Release|Any CPU.Build.0 = Release|Any CPU
	EndGlobalSection
	GlobalSection(SolutionProperties) = preSolution
		HideSolutionNode = FALSE
	EndGlobalSection
	GlobalSection(ExtensibilityGlobals) = postSolution
		SolutionGuid = {180B92C7-57F3-485F-B804-4FDD67D89586}
	EndGlobalSection
EndGlobal
